
Microsoft Visual Studio Solution File, Format Version 9.00
# Visual Studio 2005
Project("{FAE04EC0-301F-11D3-BF4B-00C04F79EFBC}") = "SvnRevision", "SvnRevision.csproj", "{0F33F72C-2F80-4D63-8FD3-C63A51FF237D}"
	ProjectSection(WebsiteProperties) = preProject
		Debug.AspNetCompiler.Debug = "True"
		Release.AspNetCompiler.Debug = "False"
	EndProjectSection
EndProject
Global
	GlobalSection(SubversionScc) = preSolution
		Svn-Managed = True
		Manager = AnkhSVN - Subversion Support for Visual Studio
	EndGlobalSection
	GlobalSection(SolutionConfigurationPlatforms) = preSolution
		Debug|Any CPU = Debug|Any CPU
		Release|Any CPU = Release|Any CPU
	EndGlobalSection
	GlobalSection(ProjectConfigurationPlatforms) = postSolution
		{0F33F72C-2F80-4D63-8FD3-C63A51FF237D}.Debug|Any CPU.ActiveCfg = Debug|Any CPU
		{0F33F72C-2F80-4D63-8FD3-C63A51FF237D}.Debug|Any CPU.Build.0 = Debug|Any CPU
		{0F33F72C-2F80-4D63-8FD3-C63A51FF237D}.Release|Any CPU.ActiveCfg = Release|Any CPU
		{0F33F72C-2F80-4D63-8FD3-C63A51FF237D}.Release|Any CPU.Build.0 = Release|Any CPU
	EndGlobalSection
	GlobalSection(SolutionProperties) = preSolution
		HideSolutionNode = FALSE
	EndGlobalSection
EndGlobal
